
Microsoft Visual Studio Solution File, Format Version 12.00
# Visual Studio 15
VisualStudioVersion = 15.0.28307.168
MinimumVisualStudioVersion = 10.0.40219.1
Project("{FAE04EC0-301F-11D3-BF4B-00C04F79EFBC}") = "projectKDW", "projectKDW\projectKDW.csproj", "{943EAFBC-D9F3-4BDE-BD14-33F214F93447}"
EndProject
Global
	GlobalSection(SolutionConfigurationPlatforms) = preSolution
		Debug|Any CPU = Debug|Any CPU
		Release|Any CPU = Release|Any CPU
	EndGlobalSection
	GlobalSection(ProjectConfigurationPlatforms) = postSolution
		{943EAFBC-D9F3-4BDE-BD14-33F214F93447}.Debug|Any CPU.ActiveCfg = Debug|Any CPU
		{943EAFBC-D9F3-4BDE-BD14-33F214F93447}.Debug|Any CPU.Build.0 = Debug|Any CPU
		{943EAFBC-D9F3-4BDE-BD14-33F214F93447}.Release|Any CPU.ActiveCfg = Release|Any CPU
		{943EAFBC-D9F3-4BDE-BD14-33F214F93447}.Release|Any CPU.Build.0 = Release|Any CPU
	EndGlobalSection
	GlobalSection(SolutionProperties) = preSolution
		HideSolutionNode = FALSE
	EndGlobalSection
	GlobalSection(ExtensibilityGlobals) = postSolution
		SolutionGuid = {2DF9F117-E38A-4C20-B189-0F342EBD28BF}
	EndGlobalSection
EndGlobal
